cloud.google.com/go v0.110.0 h1:Zc8gqp3+a9/Eyph2KDmcGaPtbKRIoqq4YTlL4NMD0Ys=
cloud.google.com/go/compute v1.18.0 h1:FEigFqoDbys2cvFkZ9Fjq4gnHBP55anJ0yQyau2f9oY=
cloud.google.com/go/compute/metadata v0.2.3 h1:mg4jlk7mCAj6xXp9UJ4fjI9VUI5rubuGBW5aJ7UnBMY=
github.com/beorn7/perks v1.0.1 h1:VlbKKnNfV8bJzeqoa4cOKqO6bYr3WgKZxO8Z16+hsOM=
github.com/brotherlogic/adventofcode v0.66.0 h1:VPlxc3E64LQBl7EizDaSf6srlGrBDFsPr9WXfOjsxI0=
github.com/brotherlogic/adventofcode v0.66.0/go.mod h1:5257c67OXmsXJwt+PbCEpGKXesPqQaziJH0XJBKaAy0=
github.com/brotherlogic/aoctracker v0.3.0 h1:zxXj9s0tPCT4whICvHXFxz2XJwQi1XX5AC14oC5hIPQ=
github.com/brotherlogic/aoctracker v0.3.0/go.mod h1:s8dJWvn6GRliR4a+diHEfkgDGl0TC0GFLeB3M5OTx58=
github.com/brotherlogic/discovery v0.0.0-20230303024637-f60d614a659d h1:O8rTit7KR5XnOrpZYtMm/s/byELfavl5f6dy1ExTedI=
github.com/brotherlogic/discovery v0.0.0-20230303024637-f60d614a659d/go.mod h1:HUHEiSJEzsNj9t0psGqwaunsof/0c2LHrZx1r2kBwnA=
github.com/brotherlogic/githubcard v0.0.0-20230308002203-262e2dd5e3bf h1:130N6JHd/u+zI4hiqlAUuHSMmB95f7JpgYXB2rsoWd4=
github.com/brotherlogic/githubcard v0.0.0-20230308002203-262e2dd5e3bf/go.mod h1:U3H/zYgxOxLiOyBmGntB4SjmYkH/Iu6MS5AJcvzMQms=
github.com/brotherlogic/godiscogs v0.0.0-20230104162206-2759618e526a h1:IfshVkQX4s3zpzbQXJT5w/6llAM7dcmT53UqDFu/L3Q=
github.com/brotherlogic/goserver v0.0.0-20230308065104-44cc7e357cc1 h1:cUK5j/ChYSFUzW92cpZjZVTDr2uEpdvGCEgySx6fG38=
github.com/brotherlogic/goserver v0.0.0-20230308065104-44cc7e357cc1/go.mod h1:S22R1E9LVceteoyVIRrcekAcnSmADsdMSF7XgCuteHU=
github.com/brotherlogic/recordcollection v0.0.0-20230123184836-b919bf871500 h1:z2dDrzI+n3aTwo85VyFugDlLGvSkqrIQIKsuLL+zJeA=
github.com/brotherlogic/rstore v0.17.0 h1:FTPrJXyRTt0lGeq5TXdG4leQemgkKnAVEc1ZiTb/Vt4=
github.com/brotherlogic/rstore v0.17.0/go.mod h1:OvTUW9id/7lcCxTnh/0ZcvcGFLjIlHP3WQ0AdxnJyLg=
github.com/cespare/xxhash/v2 v2.2.0 h1:DC2CZ1Ep5Y4k3ZQ899DldepgrayRUGE6BBZ/cd9Cj44=
github.com/davecgh/go-spew v1.1.1 h1:vj9j/u1bqnvCEfJOwUhtlOARqs3+rkHYY13jYWTU97c=
github.com/go-logr/logr v1.2.2/go.mod h1:jdQByPbusPIv2/zmleS9BjJVeZ6kBagPoEUsqbVz/1A=
github.com/go-logr/logr v1.2.3 h1:2DntVwHkVopvECVRSlL5PSo9eG+cAkDCuckLubN+rq0=
github.com/go-logr/logr v1.2.3/go.mod h1:jdQByPbusPIv2/zmleS9BjJVeZ6kBagPoEUsqbVz/1A=
github.com/go-logr/stdr v1.2.2 h1:hSWxHoqTgW2S2qGc0LTAI563KZ5YKYRhT3MFKZMbjag=
github.com/go-logr/stdr v1.2.2/go.mod h1:mMo/vtBO5dYbehREoey6XUKy/eSumjCCveDpRre4VKE=
github.com/golang/protobuf v1.5.0/go.mod h1:FsONVRAS9T7sI+LIUmWTfcYkHO4aIWwzhcaSAoJOfIk=
github.com/golang/protobuf v1.5.3 h1:KhyjKVUg7Usr/dYsdSqoFveMYd5ko72D+zANwlG1mmg=
github.com/golang/protobuf v1.5.3/go.mod h1:XVQd3VNwM+JqD3oG2Ue2ip4fOMUkwXdXDdiuN0vRsmY=
github.com/google/go-cmp v0.5.5/go.mod h1:v8dTdLbMG2kIc/vJvl+f65V22dbkXbowE6jgT/gNBxE=
github.com/google/go-cmp v0.5.9 h1:O2Tfq5qg4qc4AmwVlvv0oLiVAGB7enBSJ2x2DqQFi38=
github.com/json-iterator/go v1.1.12 h1:PV8peI4a0ysnczrg+LtxykD8LfKY9ML6u2jnxaEnrnM=
github.com/matttproud/golang_protobuf_extensions v1.0.4 h1:mmDVorXM7PCGKw94cs5zkfA9PSy5pEvNWRP0ET0TIVo=
github.com/modern-go/concurrent v0.0.0-20180306012644-bacd9c7ef1dd h1:TRLaZ9cD/w8PVh93nsPXa1VrQ6jlwL5oN8l14QlcNfg=
github.com/modern-go/reflect2 v1.0.2 h1:xBagoLtFs94CBntxluKeaWgTMpvLxC4ur3nMaC9Gz0M=
github.com/pmezard/go-difflib v1.0.0 h1:4DBwDE0NGyQoBHbLQYPwSUPoCMWR5BEzIk/f1lZbAQM=
github.com/prometheus/client_golang v1.14.0 h1:nJdhIvne2eSX/XRAFV9PcvFFRbrjbcTUj0VP62TMhnw=
github.com/prometheus/client_model v0.3.0 h1:UBgGFHqYdG/TPFD1B1ogZywDqEkwp3fBMvqdiQ7Xew4=
github.com/prometheus/common v0.40.0 h1:Afz7EVRqGg2Mqqf4JuF9vdvp1pi220m55Pi9T2JnO4Q=
github.com/prometheus/procfs v0.9.0 h1:wzCHvIvM5SxWqYvwgVL7yJY8Lz3PKn49KQtpgMYJfhI=
github.com/stretchr/testify v1.8.2 h1:+h33VjcLVPDHtOdpUCuF+7gSuG3yGIftsP1YvFihtJ8=
go.opentelemetry.io/contrib/instrumentation/google.golang.org/grpc/otelgrpc v0.40.0 h1:5jD3teb4Qh7mx/nfzq4jO2WFFpvXD0vYWFDrdvNWmXk=
go.opentelemetry.io/contrib/instrumentation/google.golang.org/grpc/otelgrpc v0.40.0/go.mod h1:UMklln0+MRhZC4e3PwmN3pCtq4DyIadWw4yikh6bNrw=
go.opentelemetry.io/otel v1.14.0 h1:/79Huy8wbf5DnIPhemGB+zEPVwnN6fuQybr/SRXa6hM=
go.opentelemetry.io/otel v1.14.0/go.mod h1:o4buv+dJzx8rohcUeRmWUZhqupFvzWis188WlggnNeU=
go.opentelemetry.io/otel/metric v0.37.0 h1:pHDQuLQOZwYD+Km0eb657A25NaRzy0a+eLyKfDXedEs=
go.opentelemetry.io/otel/metric v0.37.0/go.mod h1:DmdaHfGt54iV6UKxsV9slj2bBRJcKC1B1uvDLIioc1s=
go.opentelemetry.io/otel/trace v1.14.0 h1:wp2Mmvj41tDsyAJXiWDWpfNsOiIyd38fy85pyKcFq/M=
go.opentelemetry.io/otel/trace v1.14.0/go.mod h1:8avnQLK+CG77yNLUae4ea2JDQ6iT+gozhnZjy/rw9G8=
golang.org/x/net v0.8.0 h1:Zrh2ngAOFYneWTAIAPethzeaQLuHwhuBkuV6ZiRnUaQ=
golang.org/x/net v0.8.0/go.mod h1:QVkue5JL9kW//ek3r6jTKnTFis1tRmNAW2P1shuFdJc=
golang.org/x/oauth2 v0.5.0 h1:HuArIo48skDwlrvM3sEdHXElYslAMsf3KwRkkW4MC4s=
golang.org/x/sys v0.6.0 h1:MVltZSvRTcU2ljQOhs94SXPftV6DCNnZViHeQps87pQ=
golang.org/x/sys v0.6.0/go.mod h1:oPkhp1MJrh7nUepCBck5+mAzfO9JrbApNNgaTdGDITg=
golang.org/x/text v0.8.0 h1:57P1ETyNKtuIjB4SRd15iJxuhj8Gc416Y78H3qgMh68=
golang.org/x/text v0.8.0/go.mod h1:e1OnstbJyHTd6l/uOt8jFFHp6TRDWZR/bV3emEE/zU8=
golang.org/x/xerrors v0.0.0-20191204190536-9bdfabe68543/go.mod h1:I/5z698sn9Ka8TeJc9MKroUUfqBBauWjQqLJ2OPfmY0=
google.golang.org/appengine v1.6.7 h1:FZR1q0exgwxzPzp/aF+VccGrSfxfPpkBqjIIEq3ru6c=
google.golang.org/genproto v0.0.0-20230306155012-7f2fa6fef1f4 h1:DdoeryqhaXp1LtT/emMP1BRJPHHKFi5akj/nbx/zNTA=
google.golang.org/genproto v0.0.0-20230306155012-7f2fa6fef1f4/go.mod h1:NWraEVixdDnqcqQ30jipen1STv2r/n24Wb7twVTGR4s=
google.golang.org/grpc v1.53.0 h1:LAv2ds7cmFV/XTS3XG1NneeENYrXGmorPxsBbptIjNc=
google.golang.org/grpc v1.53.0/go.mod h1:OnIrk0ipVdj4N5d9IUoFUx72/VlD7+jUsHwZgwSMQpw=
google.golang.org/protobuf v1.26.0-rc.1/go.mod h1:jlhhOSvTdKEhbULTjvd4ARK9grFBp09yW+WbY/TyQbw=
google.golang.org/protobuf v1.26.0/go.mod h1:9q0QmTI4eRPtz6boOQmLYwt+qCgq0jsYwAQnmE0givc=
google.golang.org/protobuf v1.29.1 h1:7QBf+IK2gx70Ap/hDsOmam3GE0v9HicjfEdAxE62UoM=
google.golang.org/protobuf v1.29.1/go.mod h1:HV8QOd/L58Z+nl8r43ehVNZIU/HEI6OcFqwMG9pJV4I=
gopkg.in/yaml.v3 v3.0.1 h1:fxVm/GzAzEWqLHuvctI91KS9hhNmmWOoWu0XTYJS7CA=
